
Microsoft Visual Studio Solution File, Format Version 12.00
# Visual Studio Version 16
VisualStudioVersion = 16.0.29509.3
MinimumVisualStudioVersion = 10.0.40219.1
Project("{FAE04EC0-301F-11D3-BF4B-00C04F79EFBC}") = "HenryBooks", "HenryBooks\HenryBooks.csproj", "{E94A6920-7A4C-43B1-AD5D-3F5139FE27DA}"
EndProject
Global
	GlobalSection(SolutionConfigurationPlatforms) = preSolution
		Debug|Any CPU = Debug|Any CPU
		Release|Any CPU = Release|Any CPU
	EndGlobalSection
	GlobalSection(ProjectConfigurationPlatforms) = postSolution
		{E94A6920-7A4C-43B1-AD5D-3F5139FE27DA}.Debug|Any CPU.ActiveCfg = Debug|Any CPU
		{E94A6920-7A4C-43B1-AD5D-3F5139FE27DA}.Debug|Any CPU.Build.0 = Debug|Any CPU
		{E94A6920-7A4C-43B1-AD5D-3F5139FE27DA}.Release|Any CPU.ActiveCfg = Release|Any CPU
		{E94A6920-7A4C-43B1-AD5D-3F5139FE27DA}.Release|Any CPU.Build.0 = Release|Any CPU
	EndGlobalSection
	GlobalSection(SolutionProperties) = preSolution
		HideSolutionNode = FALSE
	EndGlobalSection
	GlobalSection(ExtensibilityGlobals) = postSolution
		SolutionGuid = {60A01E65-D215-442E-B9FB-996B189CD464}
	EndGlobalSection
EndGlobal
